
Microsoft Visual Studio Solution File, Format Version 12.00
# Visual Studio Version 17
VisualStudioVersion = 17.7.34221.43
MinimumVisualStudioVersion = 10.0.40219.1
Project("{FAE04EC0-301F-11D3-BF4B-00C04F79EFBC}") = "ConsoleApp2", "ConsoleApp2\ConsoleApp2.csproj", "{1768295A-89A8-48ED-A2EE-098FBBDB888A}"
EndProject
Global
	GlobalSection(SolutionConfigurationPlatforms) = preSolution
		Debug|Any CPU = Debug|Any CPU
		Release|Any CPU = Release|Any CPU
	EndGlobalSection
	GlobalSection(ProjectConfigurationPlatforms) = postSolution
		{1768295A-89A8-48ED-A2EE-098FBBDB888A}.Debug|Any CPU.ActiveCfg = Debug|Any CPU
		{1768295A-89A8-48ED-A2EE-098FBBDB888A}.Debug|Any CPU.Build.0 = Debug|Any CPU
		{1768295A-89A8-48ED-A2EE-098FBBDB888A}.Release|Any CPU.ActiveCfg = Release|Any CPU
		{1768295A-89A8-48ED-A2EE-098FBBDB888A}.Release|Any CPU.Build.0 = Release|Any CPU
	EndGlobalSection
	GlobalSection(SolutionProperties) = preSolution
		HideSolutionNode = FALSE
	EndGlobalSection
	GlobalSection(ExtensibilityGlobals) = postSolution
		SolutionGuid = {7429DD8D-C7A6-4A65-98C0-2ECD5C31B27B}
	EndGlobalSection
EndGlobal
